// !$*UTF8*$!
{
	archiveVersion = 1;
	classes = {
	};
	objectVersion = 46;
	objects = {

/* Begin PBXBuildFile section */
		6523F45CE6378C2C8A2FDAC3 /* Pods_LyftTrip.framework in Frameworks */ = {isa = PBXBuildFile; fileRef = D3BE6A3B618ACAB538ADDA2F /* Pods_LyftTrip.framework */; settings = {ATTRIBUTES = (Weak, ); }; };
		D76594D71C4B485000A10400 /* AppDelegate.swift in Sources */ = {isa = PBXBuildFile; fileRef = D76594D61C4B485000A10400 /* AppDelegate.swift */; };
		D76594D91C4B485000A10400 /* TripHistoryController.swift in Sources */ = {isa = PBXBuildFile; fileRef = D76594D81C4B485000A10400 /* TripHistoryController.swift */; };
		D76594DC1C4B485000A10400 /* Main.storyboard in Resources */ = {isa = PBXBuildFile; fileRef = D76594DA1C4B485000A10400 /* Main.storyboard */; };
		D76594DF1C4B485000A10400 /* LyftTrip.xcdatamodeld in Sources */ = {isa = PBXBuildFile; fileRef = D76594DD1C4B485000A10400 /* LyftTrip.xcdatamodeld */; };
		D76594E11C4B485000A10400 /* Assets.xcassets in Resources */ = {isa = PBXBuildFile; fileRef = D76594E01C4B485000A10400 /* Assets.xcassets */; };
		D76594E41C4B485000A10400 /* LaunchScreen.storyboard in Resources */ = {isa = PBXBuildFile; fileRef = D76594E21C4B485000A10400 /* LaunchScreen.storyboard */; };
		D76594EF1C4B485000A10400 /* LyftTripTests.swift in Sources */ = {isa = PBXBuildFile; fileRef = D76594EE1C4B485000A10400 /* LyftTripTests.swift */; };
		D76595001C4B5EAA00A10400 /* TripDetail.swift in Sources */ = {isa = PBXBuildFile; fileRef = D76594FC1C4B5EAA00A10400 /* TripDetail.swift */; };
		D76595021C4B5EAA00A10400 /* Trip.swift in Sources */ = {isa = PBXBuildFile; fileRef = D76594FE1C4B5EAA00A10400 /* Trip.swift */; };
		D76595041C4B5F7E00A10400 /* TripTests.swift in Sources */ = {isa = PBXBuildFile; fileRef = D76595031C4B5F7E00A10400 /* TripTests.swift */; };
		D76595061C4B660400A10400 /* TripSQL.swift in Sources */ = {isa = PBXBuildFile; fileRef = D76595051C4B660400A10400 /* TripSQL.swift */; };
		D76595081C4B734D00A10400 /* TripDao.swift in Sources */ = {isa = PBXBuildFile; fileRef = D76595071C4B734D00A10400 /* TripDao.swift */; };
		D765950C1C4C134200A10400 /* FMDBUtil.swift in Sources */ = {isa = PBXBuildFile; fileRef = D765950B1C4C134200A10400 /* FMDBUtil.swift */; };
		D765950E1C4C483800A10400 /* TripDaoTests.swift in Sources */ = {isa = PBXBuildFile; fileRef = D765950D1C4C483800A10400 /* TripDaoTests.swift */; };
		D76595101C4C656D00A10400 /* ToggleLoggingCell.swift in Sources */ = {isa = PBXBuildFile; fileRef = D765950F1C4C656D00A10400 /* ToggleLoggingCell.swift */; };
		D76595141C4C732500A10400 /* TripHistoryTitleView.xib in Resources */ = {isa = PBXBuildFile; fileRef = D76595131C4C732500A10400 /* TripHistoryTitleView.xib */; };
		D76595161C4C787300A10400 /* TripHistoryTitleView.swift in Sources */ = {isa = PBXBuildFile; fileRef = D76595151C4C787300A10400 /* TripHistoryTitleView.swift */; };
		D76595181C4C890A00A10400 /* TripManager.swift in Sources */ = {isa = PBXBuildFile; fileRef = D76595171C4C890A00A10400 /* TripManager.swift */; };
		D765951A1C4C8B1500A10400 /* CoreLocation.framework in Frameworks */ = {isa = PBXBuildFile; fileRef = D76595191C4C8B1500A10400 /* CoreLocation.framework */; };
		D765951C1C4D0B3C00A10400 /* AddressBook.framework in Frameworks */ = {isa = PBXBuildFile; fileRef = D765951B1C4D0B3C00A10400 /* AddressBook.framework */; };
		D765951E1C4D0C5900A10400 /* Contacts.framework in Frameworks */ = {isa = PBXBuildFile; fileRef = D765951D1C4D0C5900A10400 /* Contacts.framework */; };
/* End PBXBuildFile section */

/* Begin PBXContainerItemProxy section */
		D76594EB1C4B485000A10400 /* PBXContainerItemProxy */ = {
			isa = PBXContainerItemProxy;
			containerPortal = D76594CB1C4B485000A10400 /* Project object */;
			proxyType = 1;
			remoteGlobalIDString = D76594D21C4B485000A10400;
			remoteInfo = LyftTrip;
		};
/* End PBXContainerItemProxy section */

/* Begin PBXFileReference section */
		3973385D86BB0B03350871FC /* Pods-LyftTrip.debug.xcconfig */ = {isa = PBXFileReference; includeInIndex = 1; lastKnownFileType = text.xcconfig; name = "Pods-LyftTrip.debug.xcconfig"; path = "../Pods/Target Support Files/Pods-LyftTrip/Pods-LyftTrip.debug.xcconfig"; sourceTree = "<group>"; };
		D3BE6A3B618ACAB538ADDA2F /* Pods_LyftTrip.framework */ = {isa = PBXFileReference; explicitFileType = wrapper.framework; includeInIndex = 0; path = Pods_LyftTrip.framework; sourceTree = BUILT_PRODUCTS_DIR; };
		D76594D31C4B485000A10400 /* LyftTrip.app */ = {isa = PBXFileReference; explicitFileType = wrapper.application; includeInIndex = 0; path = LyftTrip.app; sourceTree = BUILT_PRODUCTS_DIR; };
		D76594D61C4B485000A10400 /* AppDelegate.swift */ = {isa = PBXFileReference; lastKnownFileType = sourcecode.swift; path = AppDelegate.swift; sourceTree = "<group>"; };
		D76594D81C4B485000A10400 /* TripHistoryController.swift */ = {isa = PBXFileReference; lastKnownFileType = sourcecode.swift; path = TripHistoryController.swift; sourceTree = "<group>"; };
		D76594DB1C4B485000A10400 /* Base */ = {isa = PBXFileReference; lastKnownFileType = file.storyboard; name = Base; path = Base.lproj/Main.storyboard; sourceTree = "<group>"; };
		D76594DE1C4B485000A10400 /* LyftTrip.xcdatamodel */ = {isa = PBXFileReference; lastKnownFileType = wrapper.xcdatamodel; path = LyftTrip.xcdatamodel; sourceTree = "<group>"; };
		D76594E01C4B485000A10400 /* Assets.xcassets */ = {isa = PBXFileReference; lastKnownFileType = folder.assetcatalog; path = Assets.xcassets; sourceTree = "<group>"; };
		D76594E31C4B485000A10400 /* Base */ = {isa = PBXFileReference; lastKnownFileType = file.storyboard; name = Base; path = Base.lproj/LaunchScreen.storyboard; sourceTree = "<group>"; };
		D76594E51C4B485000A10400 /* Info.plist */ = {isa = PBXFileReference; lastKnownFileType = text.plist.xml; path = Info.plist; sourceTree = "<group>"; };
		D76594EA1C4B485000A10400 /* LyftTripTests.xctest */ = {isa = PBXFileReference; explicitFileType = wrapper.cfbundle; includeInIndex = 0; path = LyftTripTests.xctest; sourceTree = BUILT_PRODUCTS_DIR; };
		D76594EE1C4B485000A10400 /* LyftTripTests.swift */ = {isa = PBXFileReference; lastKnownFileType = sourcecode.swift; path = LyftTripTests.swift; sourceTree = "<group>"; };
		D76594F01C4B485000A10400 /* Info.plist */ = {isa = PBXFileReference; lastKnownFileType = text.plist.xml; path = Info.plist; sourceTree = "<group>"; };
		D76594FC1C4B5EAA00A10400 /* TripDetail.swift */ = {isa = PBXFileReference; fileEncoding = 4; lastKnownFileType = sourcecode.swift; path = TripDetail.swift; sourceTree = "<group>"; };
		D76594FE1C4B5EAA00A10400 /* Trip.swift */ = {isa = PBXFileReference; fileEncoding = 4; lastKnownFileType = sourcecode.swift; path = Trip.swift; sourceTree = "<group>"; };
		D76595031C4B5F7E00A10400 /* TripTests.swift */ = {isa = PBXFileReference; fileEncoding = 4; lastKnownFileType = sourcecode.swift; path = TripTests.swift; sourceTree = "<group>"; };
		D76595051C4B660400A10400 /* TripSQL.swift */ = {isa = PBXFileReference; fileEncoding = 4; lastKnownFileType = sourcecode.swift; path = TripSQL.swift; sourceTree = "<group>"; };
		D76595071C4B734D00A10400 /* TripDao.swift */ = {isa = PBXFileReference; fileEncoding = 4; lastKnownFileType = sourcecode.swift; name = TripDao.swift; path = ../TripDao.swift; sourceTree = "<group>"; };
		D76595091C4B738F00A10400 /* LyftTrip-Bridging-Header.h */ = {isa = PBXFileReference; lastKnownFileType = sourcecode.c.h; path = "LyftTrip-Bridging-Header.h"; sourceTree = "<group>"; };
		D765950B1C4C134200A10400 /* FMDBUtil.swift */ = {isa = PBXFileReference; fileEncoding = 4; lastKnownFileType = sourcecode.swift; path = FMDBUtil.swift; sourceTree = "<group>"; };
		D765950D1C4C483800A10400 /* TripDaoTests.swift */ = {isa = PBXFileReference; fileEncoding = 4; lastKnownFileType = sourcecode.swift; path = TripDaoTests.swift; sourceTree = "<group>"; };
		D765950F1C4C656D00A10400 /* ToggleLoggingCell.swift */ = {isa = PBXFileReference; fileEncoding = 4; lastKnownFileType = sourcecode.swift; path = ToggleLoggingCell.swift; sourceTree = "<group>"; };
		D76595131C4C732500A10400 /* TripHistoryTitleView.xib */ = {isa = PBXFileReference; fileEncoding = 4; lastKnownFileType = file.xib; path = TripHistoryTitleView.xib; sourceTree = "<group>"; };
		D76595151C4C787300A10400 /* TripHistoryTitleView.swift */ = {isa = PBXFileReference; fileEncoding = 4; lastKnownFileType = sourcecode.swift; path = TripHistoryTitleView.swift; sourceTree = "<group>"; };
		D76595171C4C890A00A10400 /* TripManager.swift */ = {isa = PBXFileReference; fileEncoding = 4; lastKnownFileType = sourcecode.swift; path = TripManager.swift; sourceTree = "<group>"; };
		D76595191C4C8B1500A10400 /* CoreLocation.framework */ = {isa = PBXFileReference; lastKnownFileType = wrapper.framework; name = CoreLocation.framework; path = System/Library/Frameworks/CoreLocation.framework; sourceTree = SDKROOT; };
		D765951B1C4D0B3C00A10400 /* AddressBook.framework */ = {isa = PBXFileReference; lastKnownFileType = wrapper.framework; name = AddressBook.framework; path = System/Library/Frameworks/AddressBook.framework; sourceTree = SDKROOT; };
		D765951D1C4D0C5900A10400 /* Contacts.framework */ = {isa = PBXFileReference; lastKnownFileType = wrapper.framework; name = Contacts.framework; path = System/Library/Frameworks/Contacts.framework; sourceTree = SDKROOT; };
		E439CF0533951D4847EB7BE0 /* Pods-LyftTrip.release.xcconfig */ = {isa = PBXFileReference; includeInIndex = 1; lastKnownFileType = text.xcconfig; name = "Pods-LyftTrip.release.xcconfig"; path = "../Pods/Target Support Files/Pods-LyftTrip/Pods-LyftTrip.release.xcconfig"; sourceTree = "<group>"; };
/* End PBXFileReference section */

/* Begin PBXFrameworksBuildPhase section */
		D76594D01C4B485000A10400 /* Frameworks */ = {
			isa = PBXFrameworksBuildPhase;
			buildActionMask = 2147483647;
			files = (
				D765951E1C4D0C5900A10400 /* Contacts.framework in Frameworks */,
				D765951C1C4D0B3C00A10400 /* AddressBook.framework in Frameworks */,
				D765951A1C4C8B1500A10400 /* CoreLocation.framework in Frameworks */,
				6523F45CE6378C2C8A2FDAC3 /* Pods_LyftTrip.framework in Frameworks */,
			);
			runOnlyForDeploymentPostprocessing = 0;
		};
		D76594E71C4B485000A10400 /* Frameworks */ = {
			isa = PBXFrameworksBuildPhase;
			buildActionMask = 2147483647;
			files = (
			);
			runOnlyForDeploymentPostprocessing = 0;
		};
/* End PBXFrameworksBuildPhase section */

/* Begin PBXGroup section */
		D76594CA1C4B485000A10400 = {
			isa = PBXGroup;
			children = (
				D76594D51C4B485000A10400 /* LyftTrip */,
				D76594ED1C4B485000A10400 /* LyftTripTests */,
				D76594D41C4B485000A10400 /* Products */,
				DF5631CE3A94C4C22FA785DC /* Pods */,
				E3B15AEFC3C60C9BB77935CC /* Frameworks */,
			);
			sourceTree = "<group>";
		};
		D76594D41C4B485000A10400 /* Products */ = {
			isa = PBXGroup;
			children = (
				D76594D31C4B485000A10400 /* LyftTrip.app */,
				D76594EA1C4B485000A10400 /* LyftTripTests.xctest */,
			);
			name = Products;
			sourceTree = "<group>";
		};
		D76594D51C4B485000A10400 /* LyftTrip */ = {
			isa = PBXGroup;
			children = (
				D76595091C4B738F00A10400 /* LyftTrip-Bridging-Header.h */,
				D76594D61C4B485000A10400 /* AppDelegate.swift */,
				D76595111C4C686000A10400 /* Controllers */,
				D76594DA1C4B485000A10400 /* Main.storyboard */,
				D76594E21C4B485000A10400 /* LaunchScreen.storyboard */,
				D76594E01C4B485000A10400 /* Assets.xcassets */,
				D76594E51C4B485000A10400 /* Info.plist */,
				D76594DD1C4B485000A10400 /* LyftTrip.xcdatamodeld */,
				D76594FC1C4B5EAA00A10400 /* TripDetail.swift */,
				D76594FE1C4B5EAA00A10400 /* Trip.swift */,
				D76595171C4C890A00A10400 /* TripManager.swift */,
				D76595051C4B660400A10400 /* TripSQL.swift */,
				D76595071C4B734D00A10400 /* TripDao.swift */,
				D765950B1C4C134200A10400 /* FMDBUtil.swift */,
				D76595121C4C686C00A10400 /* Views */,
			);
			path = LyftTrip;
			sourceTree = "<group>";
		};
		D76594ED1C4B485000A10400 /* LyftTripTests */ = {
			isa = PBXGroup;
			children = (
				D76594EE1C4B485000A10400 /* LyftTripTests.swift */,
				D76594F01C4B485000A10400 /* Info.plist */,
				D76595031C4B5F7E00A10400 /* TripTests.swift */,
				D765950D1C4C483800A10400 /* TripDaoTests.swift */,
			);
			path = LyftTripTests;
			sourceTree = "<group>";
		};
		D76595111C4C686000A10400 /* Controllers */ = {
			isa = PBXGroup;
			children = (
				D76594D81C4B485000A10400 /* TripHistoryController.swift */,
			);
			name = Controllers;
			sourceTree = "<group>";
		};
		D76595121C4C686C00A10400 /* Views */ = {
			isa = PBXGroup;
			children = (
				D765950F1C4C656D00A10400 /* ToggleLoggingCell.swift */,
				D76595131C4C732500A10400 /* TripHistoryTitleView.xib */,
				D76595151C4C787300A10400 /* TripHistoryTitleView.swift */,
			);
			name = Views;
			sourceTree = "<group>";
		};
		DF5631CE3A94C4C22FA785DC /* Pods */ = {
			isa = PBXGroup;
			children = (
				3973385D86BB0B03350871FC /* Pods-LyftTrip.debug.xcconfig */,
				E439CF0533951D4847EB7BE0 /* Pods-LyftTrip.release.xcconfig */,
			);
			name = Pods;
			sourceTree = "<group>";
		};
		E3B15AEFC3C60C9BB77935CC /* Frameworks */ = {
			isa = PBXGroup;
			children = (
				D765951D1C4D0C5900A10400 /* Contacts.framework */,
				D765951B1C4D0B3C00A10400 /* AddressBook.framework */,
				D76595191C4C8B1500A10400 /* CoreLocation.framework */,
				D3BE6A3B618ACAB538ADDA2F /* Pods_LyftTrip.framework */,
			);
			name = Frameworks;
			sourceTree = "<group>";
		};
/* End PBXGroup section */

/* Begin PBXNativeTarget section */
		D76594D21C4B485000A10400 /* LyftTrip */ = {
			isa = PBXNativeTarget;
			buildConfigurationList = D76594F31C4B485000A10400 /* Build configuration list for PBXNativeTarget "LyftTrip" */;
			buildPhases = (
				A16B5CFCD27D4A51740CFCAB /* Check Pods Manifest.lock */,
				D76594CF1C4B485000A10400 /* Sources */,
				D76594D01C4B485000A10400 /* Frameworks */,
				D76594D11C4B485000A10400 /* Resources */,
				49A205058FAC105F355944D8 /* Copy Pods Resources */,
				2F9003F46CE0B854187D4E73 /* Embed Pods Frameworks */,
			);
			buildRules = (
			);
			dependencies = (
			);
			name = LyftTrip;
			productName = LyftTrip;
			productReference = D76594D31C4B485000A10400 /* LyftTrip.app */;
			productType = "com.apple.product-type.application";
		};
		D76594E91C4B485000A10400 /* LyftTripTests */ = {
			isa = PBXNativeTarget;
			buildConfigurationList = D76594F61C4B485000A10400 /* Build configuration list for PBXNativeTarget "LyftTripTests" */;
			buildPhases = (
				D76594E61C4B485000A10400 /* Sources */,
				D76594E71C4B485000A10400 /* Frameworks */,
				D76594E81C4B485000A10400 /* Resources */,
			);
			buildRules = (
			);
			dependencies = (
				D76594EC1C4B485000A10400 /* PBXTargetDependency */,
			);
			name = LyftTripTests;
			productName = LyftTripTests;
			productReference = D76594EA1C4B485000A10400 /* LyftTripTests.xctest */;
			productType = "com.apple.product-type.bundle.unit-test";
		};
/* End PBXNativeTarget section */

/* Begin PBXProject section */
		D76594CB1C4B485000A10400 /* Project object */ = {
			isa = PBXProject;
			attributes = {
				LastSwiftUpdateCheck = 0720;
				LastUpgradeCheck = 0720;
				ORGANIZATIONNAME = "Byron Warner";
				TargetAttributes = {
					D76594D21C4B485000A10400 = {
						CreatedOnToolsVersion = 7.2;
						SystemCapabilities = {
							com.apple.BackgroundModes = {
								enabled = 1;
							};
						};
					};
					D76594E91C4B485000A10400 = {
						CreatedOnToolsVersion = 7.2;
						TestTargetID = D76594D21C4B485000A10400;
					};
				};
			};
			buildConfigurationList = D76594CE1C4B485000A10400 /* Build configuration list for PBXProject "LyftTrip" */;
			compatibilityVersion = "Xcode 3.2";
			developmentRegion = English;
			hasScannedForEncodings = 0;
			knownRegions = (
				en,
				Base,
			);
			mainGroup = D76594CA1C4B485000A10400;
			productRefGroup = D76594D41C4B485000A10400 /* Products */;
			projectDirPath = "";
			projectRoot = "";
			targets = (
				D76594D21C4B485000A10400 /* LyftTrip */,
				D76594E91C4B485000A10400 /* LyftTripTests */,
			);
		};
/* End PBXProject section */

/* Begin PBXResourcesBuildPhase section */
		D76594D11C4B485000A10400 /* Resources */ = {
			isa = PBXResourcesBuildPhase;
			buildActionMask = 2147483647;
			files = (
				D76594E41C4B485000A10400 /* LaunchScreen.storyboard in Resources */,
				D76594E11C4B485000A10400 /* Assets.xcassets in Resources */,
				D76594DC1C4B485000A10400 /* Main.storyboard in Resources */,
				D76595141C4C732500A10400 /* TripHistoryTitleView.xib in Resources */,
			);
			runOnlyForDeploymentPostprocessing = 0;
		};
		D76594E81C4B485000A10400 /* Resources */ = {
			isa = PBXResourcesBuildPhase;
			buildActionMask = 2147483647;
			files = (
			);
			runOnlyForDeploymentPostprocessing = 0;
		};
/* End PBXResourcesBuildPhase section */

/* Begin PBXShellScriptBuildPhase section */
		2F9003F46CE0B854187D4E73 /* Embed Pods Frameworks */ = {
			isa = PBXShellScriptBuildPhase;
			buildActionMask = 2147483647;
			files = (
			);
			inputPaths = (
			);
			name = "Embed Pods Frameworks";
			outputPaths = (
			);
			runOnlyForDeploymentPostprocessing = 0;
			shellPath = /bin/sh;
			shellScript = "\"${SRCROOT}/../Pods/Target Support Files/Pods-LyftTrip/Pods-LyftTrip-frameworks.sh\"\n";
			showEnvVarsInLog = 0;
		};
		49A205058FAC105F355944D8 /* Copy Pods Resources */ = {
			isa = PBXShellScriptBuildPhase;
			buildActionMask = 2147483647;
			files = (
			);
			inputPaths = (
			);
			name = "Copy Pods Resources";
			outputPaths = (
			);
			runOnlyForDeploymentPostprocessing = 0;
			shellPath = /bin/sh;
			shellScript = "\"${SRCROOT}/../Pods/Target Support Files/Pods-LyftTrip/Pods-LyftTrip-resources.sh\"\n";
			showEnvVarsInLog = 0;
		};
		A16B5CFCD27D4A51740CFCAB /* Check Pods Manifest.lock */ = {
			isa = PBXShellScriptBuildPhase;
			buildActionMask = 2147483647;
			files = (
			);
			inputPaths = (
			);
			name = "Check Pods Manifest.lock";
			outputPaths = (
			);
			runOnlyForDeploymentPostprocessing = 0;
			shellPath = /bin/sh;
			shellScript = "diff \"${PODS_ROOT}/../Podfile.lock\" \"${PODS_ROOT}/Manifest.lock\" > /dev/null\nif [[ $? != 0 ]] ; then\n    cat << EOM\nerror: The sandbox is not in sync with the Podfile.lock. Run 'pod install' or update your CocoaPods installation.\nEOM\n    exit 1\nfi\n";
			showEnvVarsInLog = 0;
		};
/* End PBXShellScriptBuildPhase section */

/* Begin PBXSourcesBuildPhase section */
		D76594CF1C4B485000A10400 /* Sources */ = {
			isa = PBXSourcesBuildPhase;
			buildActionMask = 2147483647;
			files = (
				D765950C1C4C134200A10400 /* FMDBUtil.swift in Sources */,
				D76594DF1C4B485000A10400 /* LyftTrip.xcdatamodeld in Sources */,
				D76595061C4B660400A10400 /* TripSQL.swift in Sources */,
				D76594D91C4B485000A10400 /* TripHistoryController.swift in Sources */,
				D76595081C4B734D00A10400 /* TripDao.swift in Sources */,
				D76594D71C4B485000A10400 /* AppDelegate.swift in Sources */,
				D76595021C4B5EAA00A10400 /* Trip.swift in Sources */,
				D76595101C4C656D00A10400 /* ToggleLoggingCell.swift in Sources */,
				D76595001C4B5EAA00A10400 /* TripDetail.swift in Sources */,
				D76595181C4C890A00A10400 /* TripManager.swift in Sources */,
				D76595161C4C787300A10400 /* TripHistoryTitleView.swift in Sources */,
			);
			runOnlyForDeploymentPostprocessing = 0;
		};
		D76594E61C4B485000A10400 /* Sources */ = {
			isa = PBXSourcesBuildPhase;
			buildActionMask = 2147483647;
			files = (
				D76595041C4B5F7E00A10400 /* TripTests.swift in Sources */,
				D76594EF1C4B485000A10400 /* LyftTripTests.swift in Sources */,
				D765950E1C4C483800A10400 /* TripDaoTests.swift in Sources */,
			);
			runOnlyForDeploymentPostprocessing = 0;
		};
/* End PBXSourcesBuildPhase section */

/* Begin PBXTargetDependency section */
		D76594EC1C4B485000A10400 /* PBXTargetDependency */ = {
			isa = PBXTargetDependency;
			target = D76594D21C4B485000A10400 /* LyftTrip */;
			targetProxy = D76594EB1C4B485000A10400 /* PBXContainerItemProxy */;
		};
/* End PBXTargetDependency section */

/* Begin PBXVariantGroup section */
		D76594DA1C4B485000A10400 /* Main.storyboard */ = {
			isa = PBXVariantGroup;
			children = (
				D76594DB1C4B485000A10400 /* Base */,
			);
			name = Main.storyboard;
			sourceTree = "<group>";
		};
		D76594E21C4B485000A10400 /* LaunchScreen.storyboard */ = {
			isa = PBXVariantGroup;
			children = (
				D76594E31C4B485000A10400 /* Base */,
			);
			name = LaunchScreen.storyboard;
			sourceTree = "<group>";
		};
/* End PBXVariantGroup section */

/* Begin XCBuildConfiguration section */
		D76594F11C4B485000A10400 /* Debug */ = {
			isa = XCBuildConfiguration;
			buildSettings = {
				ALWAYS_SEARCH_USER_PATHS = NO;
				CLANG_CXX_LANGUAGE_STANDARD = "gnu++0x";
				CLANG_CXX_LIBRARY = "libc++";
				CLANG_ENABLE_MODULES = YES;
				CLANG_ENABLE_OBJC_ARC = YES;
				CLANG_WARN_BOOL_CONVERSION = YES;
				CLANG_WARN_CONSTANT_CONVERSION = YES;
				CLANG_WARN_DIRECT_OBJC_ISA_USAGE = YES_ERROR;
				CLANG_WARN_EMPTY_BODY = YES;
				CLANG_WARN_ENUM_CONVERSION = YES;
				CLANG_WARN_INT_CONVERSION = YES;
				CLANG_WARN_OBJC_ROOT_CLASS = YES_ERROR;
				CLANG_WARN_UNREACHABLE_CODE = YES;
				CLANG_WARN__DUPLICATE_METHOD_MATCH = YES;
				"CODE_SIGN_IDENTITY[sdk=iphoneos*]" = "iPhone Developer";
				COPY_PHASE_STRIP = NO;
				DEBUG_INFORMATION_FORMAT = dwarf;
				ENABLE_STRICT_OBJC_MSGSEND = YES;
				ENABLE_TESTABILITY = YES;
				GCC_C_LANGUAGE_STANDARD = gnu99;
				GCC_DYNAMIC_NO_PIC = NO;
				GCC_NO_COMMON_BLOCKS = YES;
				GCC_OPTIMIZATION_LEVEL = 0;
				GCC_PREPROCESSOR_DEFINITIONS = (
					"DEBUG=1",
					"$(inherited)",
				);
				GCC_WARN_64_TO_32_BIT_CONVERSION = YES;
				GCC_WARN_ABOUT_RETURN_TYPE = YES_ERROR;
				GCC_WARN_UNDECLARED_SELECTOR = YES;
				GCC_WARN_UNINITIALIZED_AUTOS = YES_AGGRESSIVE;
				GCC_WARN_UNUSED_FUNCTION = YES;
				GCC_WARN_UNUSED_VARIABLE = YES;
				IPHONEOS_DEPLOYMENT_TARGET = 9.2;
				MTL_ENABLE_DEBUG_INFO = YES;
				ONLY_ACTIVE_ARCH = YES;
				SDKROOT = iphoneos;
				SWIFT_OPTIMIZATION_LEVEL = "-Onone";
			};
			name = Debug;
		};
		D76594F21C4B485000A10400 /* Release */ = {
			isa = XCBuildConfiguration;
			buildSettings = {
				ALWAYS_SEARCH_USER_PATHS = NO;
				CLANG_CXX_LANGUAGE_STANDARD = "gnu++0x";
				CLANG_CXX_LIBRARY = "libc++";
				CLANG_ENABLE_MODULES = YES;
				CLANG_ENABLE_OBJC_ARC = YES;
				CLANG_WARN_BOOL_CONVERSION = YES;
				CLANG_WARN_CONSTANT_CONVERSION = YES;
				CLANG_WARN_DIRECT_OBJC_ISA_USAGE = YES_ERROR;
				CLANG_WARN_EMPTY_BODY = YES;
				CLANG_WARN_ENUM_CONVERSION = YES;
				CLANG_WARN_INT_CONVERSION = YES;
				CLANG_WARN_OBJC_ROOT_CLASS = YES_ERROR;
				CLANG_WARN_UNREACHABLE_CODE = YES;
				CLANG_WARN__DUPLICATE_METHOD_MATCH = YES;
				"CODE_SIGN_IDENTITY[sdk=iphoneos*]" = "iPhone Developer";
				COPY_PHASE_STRIP = NO;
				DEBUG_INFORMATION_FORMAT = "dwarf-with-dsym";
				ENABLE_NS_ASSERTIONS = NO;
				ENABLE_STRICT_OBJC_MSGSEND = YES;
				GCC_C_LANGUAGE_STANDARD = gnu99;
				GCC_NO_COMMON_BLOCKS = YES;
				GCC_WARN_64_TO_32_BIT_CONVERSION = YES;
				GCC_WARN_ABOUT_RETURN_TYPE = YES_ERROR;
				GCC_WARN_UNDECLARED_SELECTOR = YES;
				GCC_WARN_UNINITIALIZED_AUTOS = YES_AGGRESSIVE;
				GCC_WARN_UNUSED_FUNCTION = YES;
				GCC_WARN_UNUSED_VARIABLE = YES;
				IPHONEOS_DEPLOYMENT_TARGET = 9.2;
				MTL_ENABLE_DEBUG_INFO = NO;
				SDKROOT = iphoneos;
				VALIDATE_PRODUCT = YES;
			};
			name = Release;
		};
		D76594F41C4B485000A10400 /* Debug */ = {
			isa = XCBuildConfiguration;
			baseConfigurationReference = 3973385D86BB0B03350871FC /* Pods-LyftTrip.debug.xcconfig */;
			buildSettings = {
				ASSETCATALOG_COMPILER_APPICON_NAME = AppIcon;
				INFOPLIST_FILE = LyftTrip/Info.plist;
				LD_RUNPATH_SEARCH_PATHS = "$(inherited) @executable_path/Frameworks";
				PRODUCT_BUNDLE_IDENTIFIER = com.farvisionllc.LyftTrip;
				PRODUCT_NAME = "$(TARGET_NAME)";
				SWIFT_OBJC_BRIDGING_HEADER = "LyftTrip/LyftTrip-Bridging-Header.h";
			};
			name = Debug;
		};
		D76594F51C4B485000A10400 /* Release */ = {
			isa = XCBuildConfiguration;
			baseConfigurationReference = E439CF0533951D4847EB7BE0 /* Pods-LyftTrip.release.xcconfig */;
			buildSettings = {
				ASSETCATALOG_COMPILER_APPICON_NAME = AppIcon;
				INFOPLIST_FILE = LyftTrip/Info.plist;
				LD_RUNPATH_SEARCH_PATHS = "$(inherited) @executable_path/Frameworks";
				PRODUCT_BUNDLE_IDENTIFIER = com.farvisionllc.LyftTrip;
				PRODUCT_NAME = "$(TARGET_NAME)";
				SWIFT_OBJC_BRIDGING_HEADER = "LyftTrip/LyftTrip-Bridging-Header.h";
			};
			name = Release;
		};
		D76594F71C4B485000A10400 /* Debug */ = {
			isa = XCBuildConfiguration;
			buildSettings = {
				BUNDLE_LOADER = "$(TEST_HOST)";
				INFOPLIST_FILE = LyftTripTests/Info.plist;
				LD_RUNPATH_SEARCH_PATHS = "$(inherited) @executable_path/Frameworks @loader_path/Frameworks";
				PRODUCT_BUNDLE_IDENTIFIER = com.farvisionllc.LyftTripTests;
				PRODUCT_NAME = "$(TARGET_NAME)";
				TEST_HOST = "$(BUILT_PRODUCTS_DIR)/LyftTrip.app/LyftTrip";
			};
			name = Debug;
		};
		D76594F81C4B485000A10400 /* Release */ = {
			isa = XCBuildConfiguration;
			buildSettings = {
				BUNDLE_LOADER = "$(TEST_HOST)";
				INFOPLIST_FILE = LyftTripTests/Info.plist;
				LD_RUNPATH_SEARCH_PATHS = "$(inherited) @executable_path/Frameworks @loader_path/Frameworks";
				PRODUCT_BUNDLE_IDENTIFIER = com.farvisionllc.LyftTripTests;
				PRODUCT_NAME = "$(TARGET_NAME)";
				TEST_HOST = "$(BUILT_PRODUCTS_DIR)/LyftTrip.app/LyftTrip";
			};
			name = Release;
		};
/* End XCBuildConfiguration section */

/* Begin XCConfigurationList section */
		D76594CE1C4B485000A10400 /* Build configuration list for PBXProject "LyftTrip" */ = {
			isa = XCConfigurationList;
			buildConfigurations = (
				D76594F11C4B485000A10400 /* Debug */,
				D76594F21C4B485000A10400 /* Release */,
			);
			defaultConfigurationIsVisible = 0;
			defaultConfigurationName = Release;
		};
		D76594F31C4B485000A10400 /* Build configuration list for PBXNativeTarget "LyftTrip" */ = {
			isa = XCConfigurationList;
			buildConfigurations = (
				D76594F41C4B485000A10400 /* Debug */,
				D76594F51C4B485000A10400 /* Release */,
			);
			defaultConfigurationIsVisible = 0;
			defaultConfigurationName = Release;
		};
		D76594F61C4B485000A10400 /* Build configuration list for PBXNativeTarget "LyftTripTests" */ = {
			isa = XCConfigurationList;
			buildConfigurations = (
				D76594F71C4B485000A10400 /* Debug */,
				D76594F81C4B485000A10400 /* Release */,
			);
			defaultConfigurationIsVisible = 0;
			defaultConfigurationName = Release;
		};
/* End XCConfigurationList section */

/* Begin XCVersionGroup section */
		D76594DD1C4B485000A10400 /* LyftTrip.xcdatamodeld */ = {
			isa = XCVersionGroup;
			children = (
				D76594DE1C4B485000A10400 /* LyftTrip.xcdatamodel */,
			);
			currentVersion = D76594DE1C4B485000A10400 /* LyftTrip.xcdatamodel */;
			path = LyftTrip.xcdatamodeld;
			sourceTree = "<group>";
			versionGroupType = wrapper.xcdatamodel;
		};
/* End XCVersionGroup section */
	};
	rootObject = D76594CB1C4B485000A10400 /* Project object */;
}
